// !$*UTF8*$!
{
	archiveVersion = 1;
	classes = {
	};
	objectVersion = 50;
	objects = {

/* Begin PBXBuildFile section */
		615FEB7F25F3DAA200DAD012 /* AppDelegate.swift in Sources */ = {isa = PBXBuildFile; fileRef = 615FEB7E25F3DAA200DAD012 /* AppDelegate.swift */; };
		615FEB8125F3DAA200DAD012 /* SceneDelegate.swift in Sources */ = {isa = PBXBuildFile; fileRef = 615FEB8025F3DAA200DAD012 /* SceneDelegate.swift */; };
		615FEB8325F3DAA200DAD012 /* ConvertViewController.swift in Sources */ = {isa = PBXBuildFile; fileRef = 615FEB8225F3DAA200DAD012 /* ConvertViewController.swift */; };
		615FEB8625F3DAA200DAD012 /* Main.storyboard in Resources */ = {isa = PBXBuildFile; fileRef = 615FEB8425F3DAA200DAD012 /* Main.storyboard */; };
		615FEB8825F3DAA500DAD012 /* Assets.xcassets in Resources */ = {isa = PBXBuildFile; fileRef = 615FEB8725F3DAA500DAD012 /* Assets.xcassets */; };
		615FEB8B25F3DAA500DAD012 /* LaunchScreen.storyboard in Resources */ = {isa = PBXBuildFile; fileRef = 615FEB8925F3DAA500DAD012 /* LaunchScreen.storyboard */; };
		61A2F16125F3E39A00E2ABFF /* Currency.swift in Sources */ = {isa = PBXBuildFile; fileRef = 61A2F16025F3E39A00E2ABFF /* Currency.swift */; };
/* End PBXBuildFile section */

/* Begin PBXFileReference section */
		615FEB7B25F3DAA200DAD012 /* ConvertMe.app */ = {isa = PBXFileReference; explicitFileType = wrapper.application; includeInIndex = 0; path = ConvertMe.app; sourceTree = BUILT_PRODUCTS_DIR; };
		615FEB7E25F3DAA200DAD012 /* AppDelegate.swift */ = {isa = PBXFileReference; lastKnownFileType = sourcecode.swift; path = AppDelegate.swift; sourceTree = "<group>"; };
		615FEB8025F3DAA200DAD012 /* SceneDelegate.swift */ = {isa = PBXFileReference; lastKnownFileType = sourcecode.swift; path = SceneDelegate.swift; sourceTree = "<group>"; };
		615FEB8225F3DAA200DAD012 /* ConvertViewController.swift */ = {isa = PBXFileReference; lastKnownFileType = sourcecode.swift; path = ConvertViewController.swift; sourceTree = "<group>"; };
		615FEB8525F3DAA200DAD012 /* Base */ = {isa = PBXFileReference; lastKnownFileType = file.storyboard; name = Base; path = Base.lproj/Main.storyboard; sourceTree = "<group>"; };
		615FEB8725F3DAA500DAD012 /* Assets.xcassets */ = {isa = PBXFileReference; lastKnownFileType = folder.assetcatalog; path = Assets.xcassets; sourceTree = "<group>"; };
		615FEB8A25F3DAA500DAD012 /* Base */ = {isa = PBXFileReference; lastKnownFileType = file.storyboard; name = Base; path = Base.lproj/LaunchScreen.storyboard; sourceTree = "<group>"; };
		615FEB8C25F3DAA500DAD012 /* Info.plist */ = {isa = PBXFileReference; lastKnownFileType = text.plist.xml; path = Info.plist; sourceTree = "<group>"; };
		61A2F16025F3E39A00E2ABFF /* Currency.swift */ = {isa = PBXFileReference; lastKnownFileType = sourcecode.swift; path = Currency.swift; sourceTree = "<group>"; };
/* End PBXFileReference section */

/* Begin PBXFrameworksBuildPhase section */
		615FEB7825F3DAA200DAD012 /* Frameworks */ = {
			isa = PBXFrameworksBuildPhase;
			buildActionMask = 2147483647;
			files = (
			);
			runOnlyForDeploymentPostprocessing = 0;
		};
/* End PBXFrameworksBuildPhase section */

/* Begin PBXGroup section */
		615FEB7225F3DAA200DAD012 = {
			isa = PBXGroup;
			children = (
				615FEB7D25F3DAA200DAD012 /* ConvertMe */,
				615FEB7C25F3DAA200DAD012 /* Products */,
			);
			sourceTree = "<group>";
		};
		615FEB7C25F3DAA200DAD012 /* Products */ = {
			isa = PBXGroup;
			children = (
				615FEB7B25F3DAA200DAD012 /* ConvertMe.app */,
			);
			name = Products;
			sourceTree = "<group>";
		};
		615FEB7D25F3DAA200DAD012 /* ConvertMe */ = {
			isa = PBXGroup;
			children = (
				615FEB7E25F3DAA200DAD012 /* AppDelegate.swift */,
				615FEB8025F3DAA200DAD012 /* SceneDelegate.swift */,
				615FEB8225F3DAA200DAD012 /* ConvertViewController.swift */,
				61A2F16025F3E39A00E2ABFF /* Currency.swift */,
				615FEB8425F3DAA200DAD012 /* Main.storyboard */,
				615FEB8725F3DAA500DAD012 /* Assets.xcassets */,
				615FEB8925F3DAA500DAD012 /* LaunchScreen.storyboard */,
				615FEB8C25F3DAA500DAD012 /* Info.plist */,
			);
			path = ConvertMe;
			sourceTree = "<group>";
		};
/* End PBXGroup section */

/* Begin PBXNativeTarget section */
		615FEB7A25F3DAA200DAD012 /* ConvertMe */ = {
			isa = PBXNativeTarget;
			buildConfigurationList = 615FEB8F25F3DAA500DAD012 /* Build configuration list for PBXNativeTarget "ConvertMe" */;
			buildPhases = (
				615FEB7725F3DAA200DAD012 /* Sources */,
				615FEB7825F3DAA200DAD012 /* Frameworks */,
				615FEB7925F3DAA200DAD012 /* Resources */,
			);
			buildRules = (
			);
			dependencies = (
			);
			name = ConvertMe;
			productName = ConvertMe;
			productReference = 615FEB7B25F3DAA200DAD012 /* ConvertMe.app */;
			productType = "com.apple.product-type.application";
		};
/* End PBXNativeTarget section */

/* Begin PBXProject section */
		615FEB7325F3DAA200DAD012 /* Project object */ = {
			isa = PBXProject;
			attributes = {
				LastSwiftUpdateCheck = 1240;
				LastUpgradeCheck = 1240;
				TargetAttributes = {
					615FEB7A25F3DAA200DAD012 = {
						CreatedOnToolsVersion = 12.4;
					};
				};
			};
			buildConfigurationList = 615FEB7625F3DAA200DAD012 /* Build configuration list for PBXProject "ConvertMe" */;
			compatibilityVersion = "Xcode 9.3";
			developmentRegion = en;
			hasScannedForEncodings = 0;
			knownRegions = (
				en,
				Base,
			);
			mainGroup = 615FEB7225F3DAA200DAD012;
			productRefGroup = 615FEB7C25F3DAA200DAD012 /* Products */;
			projectDirPath = "";
			projectRoot = "";
			targets = (
				615FEB7A25F3DAA200DAD012 /* ConvertMe */,
			);
		};
/* End PBXProject section */

/* Begin PBXResourcesBuildPhase section */
		615FEB7925F3DAA200DAD012 /* Resources */ = {
			isa = PBXResourcesBuildPhase;
			buildActionMask = 2147483647;
			files = (
				615FEB8B25F3DAA500DAD012 /* LaunchScreen.storyboard in Resources */,
				615FEB8825F3DAA500DAD012 /* Assets.xcassets in Resources */,
				615FEB8625F3DAA200DAD012 /* Main.storyboard in Resources */,
			);
			runOnlyForDeploymentPostprocessing = 0;
		};
/* End PBXResourcesBuildPhase section */

/* Begin PBXSourcesBuildPhase section */
		615FEB7725F3DAA200DAD012 /* Sources */ = {
			isa = PBXSourcesBuildPhase;
			buildActionMask = 2147483647;
			files = (
				61A2F16125F3E39A00E2ABFF /* Currency.swift in Sources */,
				615FEB8325F3DAA200DAD012 /* ConvertViewController.swift in Sources */,
				615FEB7F25F3DAA200DAD012 /* AppDelegate.swift in Sources */,
				615FEB8125F3DAA200DAD012 /* SceneDelegate.swift in Sources */,
			);
			runOnlyForDeploymentPostprocessing = 0;
		};
/* End PBXSourcesBuildPhase section */

/* Begin PBXVariantGroup section */
		615FEB8425F3DAA200DAD012 /* Main.storyboard */ = {
			isa = PBXVariantGroup;
			children = (
				615FEB8525F3DAA200DAD012 /* Base */,
			);
			name = Main.storyboard;
			sourceTree = "<group>";
		};
		615FEB8925F3DAA500DAD012 /* LaunchScreen.storyboard */ = {
			isa = PBXVariantGroup;
			children = (
				615FEB8A25F3DAA500DAD012 /* Base */,
			);
			name = LaunchScreen.storyboard;
			sourceTree = "<group>";
		};
/* End PBXVariantGroup section */

/* Begin XCBuildConfiguration section */
		615FEB8D25F3DAA500DAD012 /* Debug */ = {
			isa = XCBuildConfiguration;
			buildSettings = {
				ALWAYS_SEARCH_USER_PATHS = NO;
				CLANG_ANALYZER_NONNULL = YES;
				CLANG_ANALYZER_NUMBER_OBJECT_CONVERSION = YES_AGGRESSIVE;
				CLANG_CXX_LANGUAGE_STANDARD = "gnu++14";
				CLANG_CXX_LIBRARY = "libc++";
				CLANG_ENABLE_MODULES = YES;
				CLANG_ENABLE_OBJC_ARC = YES;
				CLANG_ENABLE_OBJC_WEAK = YES;
				CLANG_WARN_BLOCK_CAPTURE_AUTORELEASING = YES;
				CLANG_WARN_BOOL_CONVERSION = YES;
				CLANG_WARN_COMMA = YES;
				CLANG_WARN_CONSTANT_CONVERSION = YES;
				CLANG_WARN_DEPRECATED_OBJC_IMPLEMENTATIONS = YES;
				CLANG_WARN_DIRECT_OBJC_ISA_USAGE = YES_ERROR;
				CLANG_WARN_DOCUMENTATION_COMMENTS = YES;
				CLANG_WARN_EMPTY_BODY = YES;
				CLANG_WARN_ENUM_CONVERSION = YES;
				CLANG_WARN_INFINITE_RECURSION = YES;
				CLANG_WARN_INT_CONVERSION = YES;
				CLANG_WARN_NON_LITERAL_NULL_CONVERSION = YES;
				CLANG_WARN_OBJC_IMPLICIT_RETAIN_SELF = YES;
				CLANG_WARN_OBJC_LITERAL_CONVERSION = YES;
				CLANG_WARN_OBJC_ROOT_CLASS = YES_ERROR;
				CLANG_WARN_QUOTED_INCLUDE_IN_FRAMEWORK_HEADER = YES;
				CLANG_WARN_RANGE_LOOP_ANALYSIS = YES;
				CLANG_WARN_STRICT_PROTOTYPES = YES;
				CLANG_WARN_SUSPICIOUS_MOVE = YES;
				CLANG_WARN_UNGUARDED_AVAILABILITY = YES_AGGRESSIVE;
				CLANG_WARN_UNREACHABLE_CODE = YES;
				CLANG_WARN__DUPLICATE_METHOD_MATCH = YES;
				COPY_PHASE_STRIP = NO;
				DEBUG_INFORMATION_FORMAT = dwarf;
				ENABLE_STRICT_OBJC_MSGSEND = YES;
				ENABLE_TESTABILITY = YES;
				GCC_C_LANGUAGE_STANDARD = gnu11;
				GCC_DYNAMIC_NO_PIC = NO;
				GCC_NO_COMMON_BLOCKS = YES;
				GCC_OPTIMIZATION_LEVEL = 0;
				GCC_PREPROCESSOR_DEFINITIONS = (
					"DEBUG=1",
					"$(inherited)",
				);
				GCC_WARN_64_TO_32_BIT_CONVERSION = YES;
				GCC_WARN_ABOUT_RETURN_TYPE = YES_ERROR;
				GCC_WARN_UNDECLARED_SELECTOR = YES;
				GCC_WARN_UNINITIALIZED_AUTOS = YES_AGGRESSIVE;
				GCC_WARN_UNUSED_FUNCTION = YES;
				GCC_WARN_UNUSED_VARIABLE = YES;
				IPHONEOS_DEPLOYMENT_TARGET = 14.4;
				MTL_ENABLE_DEBUG_INFO = INCLUDE_SOURCE;
				MTL_FAST_MATH = YES;
				ONLY_ACTIVE_ARCH = YES;
				SDKROOT = iphoneos;
				SWIFT_ACTIVE_COMPILATION_CONDITIONS = DEBUG;
				SWIFT_OPTIMIZATION_LEVEL = "-Onone";
			};
			name = Debug;
		};
		615FEB8E25F3DAA500DAD012 /* Release */ = {
			isa = XCBuildConfiguration;
			buildSettings = {
				ALWAYS_SEARCH_USER_PATHS = NO;
				CLANG_ANALYZER_NONNULL = YES;
				CLANG_ANALYZER_NUMBER_OBJECT_CONVERSION = YES_AGGRESSIVE;
				CLANG_CXX_LANGUAGE_STANDARD = "gnu++14";
				CLANG_CXX_LIBRARY = "libc++";
				CLANG_ENABLE_MODULES = YES;
				CLANG_ENABLE_OBJC_ARC = YES;
				CLANG_ENABLE_OBJC_WEAK = YES;
				CLANG_WARN_BLOCK_CAPTURE_AUTORELEASING = YES;
				CLANG_WARN_BOOL_CONVERSION = YES;
				CLANG_WARN_COMMA = YES;
				CLANG_WARN_CONSTANT_CONVERSION = YES;
				CLANG_WARN_DEPRECATED_OBJC_IMPLEMENTATIONS = YES;
				CLANG_WARN_DIRECT_OBJC_ISA_USAGE = YES_ERROR;
				CLANG_WARN_DOCUMENTATION_COMMENTS = YES;
				CLANG_WARN_EMPTY_BODY = YES;
				CLANG_WARN_ENUM_CONVERSION = YES;
				CLANG_WARN_INFINITE_RECURSION = YES;
				CLANG_WARN_INT_CONVERSION = YES;
				CLANG_WARN_NON_LITERAL_NULL_CONVERSION = YES;
				CLANG_WARN_OBJC_IMPLICIT_RETAIN_SELF = YES;
				CLANG_WARN_OBJC_LITERAL_CONVERSION = YES;
				CLANG_WARN_OBJC_ROOT_CLASS = YES_ERROR;
				CLANG_WARN_QUOTED_INCLUDE_IN_FRAMEWORK_HEADER = YES;
				CLANG_WARN_RANGE_LOOP_ANALYSIS = YES;
				CLANG_WARN_STRICT_PROTOTYPES = YES;
				CLANG_WARN_SUSPICIOUS_MOVE = YES;
				CLANG_WARN_UNGUARDED_AVAILABILITY = YES_AGGRESSIVE;
				CLANG_WARN_UNREACHABLE_CODE = YES;
				CLANG_WARN__DUPLICATE_METHOD_MATCH = YES;
				COPY_PHASE_STRIP = NO;
				DEBUG_INFORMATION_FORMAT = "dwarf-with-dsym";
				ENABLE_NS_ASSERTIONS = NO;
				ENABLE_STRICT_OBJC_MSGSEND = YES;
				GCC_C_LANGUAGE_STANDARD = gnu11;
				GCC_NO_COMMON_BLOCKS = YES;
				GCC_WARN_64_TO_32_BIT_CONVERSION = YES;
				GCC_WARN_ABOUT_RETURN_TYPE = YES_ERROR;
				GCC_WARN_UNDECLARED_SELECTOR = YES;
				GCC_WARN_UNINITIALIZED_AUTOS = YES_AGGRESSIVE;
				GCC_WARN_UNUSED_FUNCTION = YES;
				GCC_WARN_UNUSED_VARIABLE = YES;
				IPHONEOS_DEPLOYMENT_TARGET = 14.4;
				MTL_ENABLE_DEBUG_INFO = NO;
				MTL_FAST_MATH = YES;
				SDKROOT = iphoneos;
				SWIFT_COMPILATION_MODE = wholemodule;
				SWIFT_OPTIMIZATION_LEVEL = "-O";
				VALIDATE_PRODUCT = YES;
			};
			name = Release;
		};
		615FEB9025F3DAA500DAD012 /* Debug */ = {
			isa = XCBuildConfiguration;
			buildSettings = {
				ASSETCATALOG_COMPILER_APPICON_NAME = AppIcon;
				ASSETCATALOG_COMPILER_GLOBAL_ACCENT_COLOR_NAME = AccentColor;
				CODE_SIGN_STYLE = Automatic;
				DEVELOPMENT_TEAM = 5Z7LY99W88;
				INFOPLIST_FILE = ConvertMe/Info.plist;
				LD_RUNPATH_SEARCH_PATHS = (
					"$(inherited)",
					"@executable_path/Frameworks",
				);
				PRODUCT_BUNDLE_IDENTIFIER = com.kayjayapps.ConvertMe;
				PRODUCT_NAME = "$(TARGET_NAME)";
				SWIFT_VERSION = 5.0;
				TARGETED_DEVICE_FAMILY = "1,2";
			};
			name = Debug;
		};
		615FEB9125F3DAA500DAD012 /* Release */ = {
			isa = XCBuildConfiguration;
			buildSettings = {
				ASSETCATALOG_COMPILER_APPICON_NAME = AppIcon;
				ASSETCATALOG_COMPILER_GLOBAL_ACCENT_COLOR_NAME = AccentColor;
				CODE_SIGN_STYLE = Automatic;
				DEVELOPMENT_TEAM = 5Z7LY99W88;
				INFOPLIST_FILE = ConvertMe/Info.plist;
				LD_RUNPATH_SEARCH_PATHS = (
					"$(inherited)",
					"@executable_path/Frameworks",
				);
				PRODUCT_BUNDLE_IDENTIFIER = com.kayjayapps.ConvertMe;
				PRODUCT_NAME = "$(TARGET_NAME)";
				SWIFT_VERSION = 5.0;
				TARGETED_DEVICE_FAMILY = "1,2";
			};
			name = Release;
		};
/* End XCBuildConfiguration section */

/* Begin XCConfigurationList section */
		615FEB7625F3DAA200DAD012 /* Build configuration list for PBXProject "ConvertMe" */ = {
			isa = XCConfigurationList;
			buildConfigurations = (
				615FEB8D25F3DAA500DAD012 /* Debug */,
				615FEB8E25F3DAA500DAD012 /* Release */,
			);
			defaultConfigurationIsVisible = 0;
			defaultConfigurationName = Release;
		};
		615FEB8F25F3DAA500DAD012 /* Build configuration list for PBXNativeTarget "ConvertMe" */ = {
			isa = XCConfigurationList;
			buildConfigurations = (
				615FEB9025F3DAA500DAD012 /* Debug */,
				615FEB9125F3DAA500DAD012 /* Release */,
			);
			defaultConfigurationIsVisible = 0;
			defaultConfigurationName = Release;
		};
/* End XCConfigurationList section */
	};
	rootObject = 615FEB7325F3DAA200DAD012 /* Project object */;
}
